// !$*UTF8*$!
{
	archiveVersion = 1;
	classes = {
	};
	objectVersion = 46;
	objects = {

/* Begin PBXBuildFile section */
		336E20251E5755340047CB69 /* DeckAPI.swift in Sources */ = {isa = PBXBuildFile; fileRef = 336E20241E5755340047CB69 /* DeckAPI.swift */; };
		336E20271E575AFD0047CB69 /* DeckAPI_FAKE.swift in Sources */ = {isa = PBXBuildFile; fileRef = 336E20261E575AFD0047CB69 /* DeckAPI_FAKE.swift */; };
		336E20291E57A6460047CB69 /* DeckAPI_Queue.swift in Sources */ = {isa = PBXBuildFile; fileRef = 336E20281E57A6460047CB69 /* DeckAPI_Queue.swift */; };
		336E202B1E57B2890047CB69 /* DeckAPI_NSURLSession.swift in Sources */ = {isa = PBXBuildFile; fileRef = 336E202A1E57B2890047CB69 /* DeckAPI_NSURLSession.swift */; };
		338BA7001E53C26400119405 /* AppDelegate.swift in Sources */ = {isa = PBXBuildFile; fileRef = 338BA6FF1E53C26400119405 /* AppDelegate.swift */; };
		338BA7021E53C26400119405 /* ViewController.swift in Sources */ = {isa = PBXBuildFile; fileRef = 338BA7011E53C26400119405 /* ViewController.swift */; };
		338BA7051E53C26400119405 /* Main.storyboard in Resources */ = {isa = PBXBuildFile; fileRef = 338BA7031E53C26400119405 /* Main.storyboard */; };
		338BA7071E53C26400119405 /* Assets.xcassets in Resources */ = {isa = PBXBuildFile; fileRef = 338BA7061E53C26400119405 /* Assets.xcassets */; };
		338BA70A1E53C26400119405 /* LaunchScreen.storyboard in Resources */ = {isa = PBXBuildFile; fileRef = 338BA7081E53C26400119405 /* LaunchScreen.storyboard */; };
		338BA7171E53C2A900119405 /* Deck.swift in Sources */ = {isa = PBXBuildFile; fileRef = 338BA7151E53C2A900119405 /* Deck.swift */; };
		338BA7181E53C2A900119405 /* Card.swift in Sources */ = {isa = PBXBuildFile; fileRef = 338BA7161E53C2A900119405 /* Card.swift */; };
		338BA71B1E53C2C000119405 /* DeckInteractor.swift in Sources */ = {isa = PBXBuildFile; fileRef = 338BA7191E53C2C000119405 /* DeckInteractor.swift */; };
		338BA71C1E53C2C000119405 /* CardInteractor.swift in Sources */ = {isa = PBXBuildFile; fileRef = 338BA71A1E53C2C000119405 /* CardInteractor.swift */; };
		338BA71F1E53C2D600119405 /* DeckAPI_GCD.swift in Sources */ = {isa = PBXBuildFile; fileRef = 338BA71E1E53C2D600119405 /* DeckAPI_GCD.swift */; };
		338BA7231E53C53300119405 /* ImageCardInteractor.swift in Sources */ = {isa = PBXBuildFile; fileRef = 338BA7221E53C53300119405 /* ImageCardInteractor.swift */; };
/* End PBXBuildFile section */

/* Begin PBXFileReference section */
		336E20241E5755340047CB69 /* DeckAPI.swift */ = {isa = PBXFileReference; fileEncoding = 4; lastKnownFileType = sourcecode.swift; path = DeckAPI.swift; sourceTree = "<group>"; };
		336E20261E575AFD0047CB69 /* DeckAPI_FAKE.swift */ = {isa = PBXFileReference; fileEncoding = 4; lastKnownFileType = sourcecode.swift; path = DeckAPI_FAKE.swift; sourceTree = "<group>"; };
		336E20281E57A6460047CB69 /* DeckAPI_Queue.swift */ = {isa = PBXFileReference; fileEncoding = 4; lastKnownFileType = sourcecode.swift; path = DeckAPI_Queue.swift; sourceTree = "<group>"; };
		336E202A1E57B2890047CB69 /* DeckAPI_NSURLSession.swift */ = {isa = PBXFileReference; fileEncoding = 4; lastKnownFileType = sourcecode.swift; path = DeckAPI_NSURLSession.swift; sourceTree = "<group>"; };
		338BA6FC1E53C26400119405 /* CardAPI.app */ = {isa = PBXFileReference; explicitFileType = wrapper.application; includeInIndex = 0; path = CardAPI.app; sourceTree = BUILT_PRODUCTS_DIR; };
		338BA6FF1E53C26400119405 /* AppDelegate.swift */ = {isa = PBXFileReference; lastKnownFileType = sourcecode.swift; path = AppDelegate.swift; sourceTree = "<group>"; };
		338BA7011E53C26400119405 /* ViewController.swift */ = {isa = PBXFileReference; lastKnownFileType = sourcecode.swift; path = ViewController.swift; sourceTree = "<group>"; };
		338BA7041E53C26400119405 /* Base */ = {isa = PBXFileReference; lastKnownFileType = file.storyboard; name = Base; path = Base.lproj/Main.storyboard; sourceTree = "<group>"; };
		338BA7061E53C26400119405 /* Assets.xcassets */ = {isa = PBXFileReference; lastKnownFileType = folder.assetcatalog; path = Assets.xcassets; sourceTree = "<group>"; };
		338BA7091E53C26400119405 /* Base */ = {isa = PBXFileReference; lastKnownFileType = file.storyboard; name = Base; path = Base.lproj/LaunchScreen.storyboard; sourceTree = "<group>"; };
		338BA70B1E53C26400119405 /* Info.plist */ = {isa = PBXFileReference; lastKnownFileType = text.plist.xml; path = Info.plist; sourceTree = "<group>"; };
		338BA7151E53C2A900119405 /* Deck.swift */ = {isa = PBXFileReference; fileEncoding = 4; lastKnownFileType = sourcecode.swift; path = Deck.swift; sourceTree = "<group>"; };
		338BA7161E53C2A900119405 /* Card.swift */ = {isa = PBXFileReference; fileEncoding = 4; lastKnownFileType = sourcecode.swift; path = Card.swift; sourceTree = "<group>"; };
		338BA7191E53C2C000119405 /* DeckInteractor.swift */ = {isa = PBXFileReference; fileEncoding = 4; lastKnownFileType = sourcecode.swift; path = DeckInteractor.swift; sourceTree = "<group>"; };
		338BA71A1E53C2C000119405 /* CardInteractor.swift */ = {isa = PBXFileReference; fileEncoding = 4; lastKnownFileType = sourcecode.swift; path = CardInteractor.swift; sourceTree = "<group>"; };
		338BA71E1E53C2D600119405 /* DeckAPI_GCD.swift */ = {isa = PBXFileReference; fileEncoding = 4; lastKnownFileType = sourcecode.swift; path = DeckAPI_GCD.swift; sourceTree = "<group>"; };
		338BA7221E53C53300119405 /* ImageCardInteractor.swift */ = {isa = PBXFileReference; fileEncoding = 4; lastKnownFileType = sourcecode.swift; path = ImageCardInteractor.swift; sourceTree = "<group>"; };
/* End PBXFileReference section */

/* Begin PBXFrameworksBuildPhase section */
		338BA6F91E53C26400119405 /* Frameworks */ = {
			isa = PBXFrameworksBuildPhase;
			buildActionMask = 2147483647;
			files = (
			);
			runOnlyForDeploymentPostprocessing = 0;
		};
/* End PBXFrameworksBuildPhase section */

/* Begin PBXGroup section */
		338BA6F31E53C26400119405 = {
			isa = PBXGroup;
			children = (
				338BA6FE1E53C26400119405 /* CardAPI */,
				338BA6FD1E53C26400119405 /* Products */,
			);
			sourceTree = "<group>";
		};
		338BA6FD1E53C26400119405 /* Products */ = {
			isa = PBXGroup;
			children = (
				338BA6FC1E53C26400119405 /* CardAPI.app */,
			);
			name = Products;
			sourceTree = "<group>";
		};
		338BA6FE1E53C26400119405 /* CardAPI */ = {
			isa = PBXGroup;
			children = (
				338BA6FF1E53C26400119405 /* AppDelegate.swift */,
				338BA7141E53C28400119405 /* Models */,
				338BA7131E53C27D00119405 /* Views */,
				338BA7121E53C27500119405 /* Controllers */,
				338BA71D1E53C2C400119405 /* Manager */,
				338BA7111E53C26E00119405 /* Interactors */,
				338BA7061E53C26400119405 /* Assets.xcassets */,
				338BA70B1E53C26400119405 /* Info.plist */,
			);
			path = CardAPI;
			sourceTree = "<group>";
		};
		338BA7111E53C26E00119405 /* Interactors */ = {
			isa = PBXGroup;
			children = (
				338BA7191E53C2C000119405 /* DeckInteractor.swift */,
				338BA71A1E53C2C000119405 /* CardInteractor.swift */,
				338BA7221E53C53300119405 /* ImageCardInteractor.swift */,
			);
			name = Interactors;
			sourceTree = "<group>";
		};
		338BA7121E53C27500119405 /* Controllers */ = {
			isa = PBXGroup;
			children = (
				338BA7011E53C26400119405 /* ViewController.swift */,
			);
			name = Controllers;
			sourceTree = "<group>";
		};
		338BA7131E53C27D00119405 /* Views */ = {
			isa = PBXGroup;
			children = (
				338BA7031E53C26400119405 /* Main.storyboard */,
				338BA7081E53C26400119405 /* LaunchScreen.storyboard */,
			);
			name = Views;
			sourceTree = "<group>";
		};
		338BA7141E53C28400119405 /* Models */ = {
			isa = PBXGroup;
			children = (
				338BA7151E53C2A900119405 /* Deck.swift */,
				338BA7161E53C2A900119405 /* Card.swift */,
			);
			name = Models;
			sourceTree = "<group>";
		};
		338BA71D1E53C2C400119405 /* Manager */ = {
			isa = PBXGroup;
			children = (
				336E20241E5755340047CB69 /* DeckAPI.swift */,
				338BA71E1E53C2D600119405 /* DeckAPI_GCD.swift */,
				336E20261E575AFD0047CB69 /* DeckAPI_FAKE.swift */,
				336E20281E57A6460047CB69 /* DeckAPI_Queue.swift */,
				336E202A1E57B2890047CB69 /* DeckAPI_NSURLSession.swift */,
			);
			name = Manager;
			sourceTree = "<group>";
		};
/* End PBXGroup section */

/* Begin PBXNativeTarget section */
		338BA6FB1E53C26400119405 /* CardAPI */ = {
			isa = PBXNativeTarget;
			buildConfigurationList = 338BA70E1E53C26400119405 /* Build configuration list for PBXNativeTarget "CardAPI" */;
			buildPhases = (
				338BA6F81E53C26400119405 /* Sources */,
				338BA6F91E53C26400119405 /* Frameworks */,
				338BA6FA1E53C26400119405 /* Resources */,
			);
			buildRules = (
			);
			dependencies = (
			);
			name = CardAPI;
			productName = CardAPI;
			productReference = 338BA6FC1E53C26400119405 /* CardAPI.app */;
			productType = "com.apple.product-type.application";
		};
/* End PBXNativeTarget section */

/* Begin PBXProject section */
		338BA6F41E53C26400119405 /* Project object */ = {
			isa = PBXProject;
			attributes = {
				LastSwiftUpdateCheck = 0820;
				LastUpgradeCheck = 0820;
				ORGANIZATIONNAME = ERISCO;
				TargetAttributes = {
					338BA6FB1E53C26400119405 = {
						CreatedOnToolsVersion = 8.2.1;
						DevelopmentTeam = 42UB6JE5FK;
						ProvisioningStyle = Automatic;
					};
				};
			};
			buildConfigurationList = 338BA6F71E53C26400119405 /* Build configuration list for PBXProject "CardAPI" */;
			compatibilityVersion = "Xcode 3.2";
			developmentRegion = English;
			hasScannedForEncodings = 0;
			knownRegions = (
				en,
				Base,
			);
			mainGroup = 338BA6F31E53C26400119405;
			productRefGroup = 338BA6FD1E53C26400119405 /* Products */;
			projectDirPath = "";
			projectRoot = "";
			targets = (
				338BA6FB1E53C26400119405 /* CardAPI */,
			);
		};
/* End PBXProject section */

/* Begin PBXResourcesBuildPhase section */
		338BA6FA1E53C26400119405 /* Resources */ = {
			isa = PBXResourcesBuildPhase;
			buildActionMask = 2147483647;
			files = (
				338BA70A1E53C26400119405 /* LaunchScreen.storyboard in Resources */,
				338BA7071E53C26400119405 /* Assets.xcassets in Resources */,
				338BA7051E53C26400119405 /* Main.storyboard in Resources */,
			);
			runOnlyForDeploymentPostprocessing = 0;
		};
/* End PBXResourcesBuildPhase section */

/* Begin PBXSourcesBuildPhase section */
		338BA6F81E53C26400119405 /* Sources */ = {
			isa = PBXSourcesBuildPhase;
			buildActionMask = 2147483647;
			files = (
				336E20271E575AFD0047CB69 /* DeckAPI_FAKE.swift in Sources */,
				338BA71C1E53C2C000119405 /* CardInteractor.swift in Sources */,
				338BA7171E53C2A900119405 /* Deck.swift in Sources */,
				338BA71F1E53C2D600119405 /* DeckAPI_GCD.swift in Sources */,
				338BA7021E53C26400119405 /* ViewController.swift in Sources */,
				336E20291E57A6460047CB69 /* DeckAPI_Queue.swift in Sources */,
				336E20251E5755340047CB69 /* DeckAPI.swift in Sources */,
				338BA7231E53C53300119405 /* ImageCardInteractor.swift in Sources */,
				338BA7001E53C26400119405 /* AppDelegate.swift in Sources */,
				336E202B1E57B2890047CB69 /* DeckAPI_NSURLSession.swift in Sources */,
				338BA71B1E53C2C000119405 /* DeckInteractor.swift in Sources */,
				338BA7181E53C2A900119405 /* Card.swift in Sources */,
			);
			runOnlyForDeploymentPostprocessing = 0;
		};
/* End PBXSourcesBuildPhase section */

/* Begin PBXVariantGroup section */
		338BA7031E53C26400119405 /* Main.storyboard */ = {
			isa = PBXVariantGroup;
			children = (
				338BA7041E53C26400119405 /* Base */,
			);
			name = Main.storyboard;
			sourceTree = "<group>";
		};
		338BA7081E53C26400119405 /* LaunchScreen.storyboard */ = {
			isa = PBXVariantGroup;
			children = (
				338BA7091E53C26400119405 /* Base */,
			);
			name = LaunchScreen.storyboard;
			sourceTree = "<group>";
		};
/* End PBXVariantGroup section */

/* Begin XCBuildConfiguration section */
		338BA70C1E53C26400119405 /* Debug */ = {
			isa = XCBuildConfiguration;
			buildSettings = {
				ALWAYS_SEARCH_USER_PATHS = NO;
				CLANG_ANALYZER_NONNULL = YES;
				CLANG_CXX_LANGUAGE_STANDARD = "gnu++0x";
				CLANG_CXX_LIBRARY = "libc++";
				CLANG_ENABLE_MODULES = YES;
				CLANG_ENABLE_OBJC_ARC = YES;
				CLANG_WARN_BOOL_CONVERSION = YES;
				CLANG_WARN_CONSTANT_CONVERSION = YES;
				CLANG_WARN_DIRECT_OBJC_ISA_USAGE = YES_ERROR;
				CLANG_WARN_DOCUMENTATION_COMMENTS = YES;
				CLANG_WARN_EMPTY_BODY = YES;
				CLANG_WARN_ENUM_CONVERSION = YES;
				CLANG_WARN_INFINITE_RECURSION = YES;
				CLANG_WARN_INT_CONVERSION = YES;
				CLANG_WARN_OBJC_ROOT_CLASS = YES_ERROR;
				CLANG_WARN_SUSPICIOUS_MOVE = YES;
				CLANG_WARN_UNREACHABLE_CODE = YES;
				CLANG_WARN__DUPLICATE_METHOD_MATCH = YES;
				"CODE_SIGN_IDENTITY[sdk=iphoneos*]" = "iPhone Developer";
				COPY_PHASE_STRIP = NO;
				DEBUG_INFORMATION_FORMAT = dwarf;
				ENABLE_STRICT_OBJC_MSGSEND = YES;
				ENABLE_TESTABILITY = YES;
				GCC_C_LANGUAGE_STANDARD = gnu99;
				GCC_DYNAMIC_NO_PIC = NO;
				GCC_NO_COMMON_BLOCKS = YES;
				GCC_OPTIMIZATION_LEVEL = 0;
				GCC_PREPROCESSOR_DEFINITIONS = (
					"DEBUG=1",
					"$(inherited)",
				);
				GCC_WARN_64_TO_32_BIT_CONVERSION = YES;
				GCC_WARN_ABOUT_RETURN_TYPE = YES_ERROR;
				GCC_WARN_UNDECLARED_SELECTOR = YES;
				GCC_WARN_UNINITIALIZED_AUTOS = YES_AGGRESSIVE;
				GCC_WARN_UNUSED_FUNCTION = YES;
				GCC_WARN_UNUSED_VARIABLE = YES;
				IPHONEOS_DEPLOYMENT_TARGET = 10.2;
				MTL_ENABLE_DEBUG_INFO = YES;
				ONLY_ACTIVE_ARCH = YES;
				SDKROOT = iphoneos;
				SWIFT_ACTIVE_COMPILATION_CONDITIONS = DEBUG;
				SWIFT_OPTIMIZATION_LEVEL = "-Onone";
				TARGETED_DEVICE_FAMILY = "1,2";
			};
			name = Debug;
		};
		338BA70D1E53C26400119405 /* Release */ = {
			isa = XCBuildConfiguration;
			buildSettings = {
				ALWAYS_SEARCH_USER_PATHS = NO;
				CLANG_ANALYZER_NONNULL = YES;
				CLANG_CXX_LANGUAGE_STANDARD = "gnu++0x";
				CLANG_CXX_LIBRARY = "libc++";
				CLANG_ENABLE_MODULES = YES;
				CLANG_ENABLE_OBJC_ARC = YES;
				CLANG_WARN_BOOL_CONVERSION = YES;
				CLANG_WARN_CONSTANT_CONVERSION = YES;
				CLANG_WARN_DIRECT_OBJC_ISA_USAGE = YES_ERROR;
				CLANG_WARN_DOCUMENTATION_COMMENTS = YES;
				CLANG_WARN_EMPTY_BODY = YES;
				CLANG_WARN_ENUM_CONVERSION = YES;
				CLANG_WARN_INFINITE_RECURSION = YES;
				CLANG_WARN_INT_CONVERSION = YES;
				CLANG_WARN_OBJC_ROOT_CLASS = YES_ERROR;
				CLANG_WARN_SUSPICIOUS_MOVE = YES;
				CLANG_WARN_UNREACHABLE_CODE = YES;
				CLANG_WARN__DUPLICATE_METHOD_MATCH = YES;
				"CODE_SIGN_IDENTITY[sdk=iphoneos*]" = "iPhone Developer";
				COPY_PHASE_STRIP = NO;
				DEBUG_INFORMATION_FORMAT = "dwarf-with-dsym";
				ENABLE_NS_ASSERTIONS = NO;
				ENABLE_STRICT_OBJC_MSGSEND = YES;
				GCC_C_LANGUAGE_STANDARD = gnu99;
				GCC_NO_COMMON_BLOCKS = YES;
				GCC_WARN_64_TO_32_BIT_CONVERSION = YES;
				GCC_WARN_ABOUT_RETURN_TYPE = YES_ERROR;
				GCC_WARN_UNDECLARED_SELECTOR = YES;
				GCC_WARN_UNINITIALIZED_AUTOS = YES_AGGRESSIVE;
				GCC_WARN_UNUSED_FUNCTION = YES;
				GCC_WARN_UNUSED_VARIABLE = YES;
				IPHONEOS_DEPLOYMENT_TARGET = 10.2;
				MTL_ENABLE_DEBUG_INFO = NO;
				SDKROOT = iphoneos;
				SWIFT_OPTIMIZATION_LEVEL = "-Owholemodule";
				TARGETED_DEVICE_FAMILY = "1,2";
				VALIDATE_PRODUCT = YES;
			};
			name = Release;
		};
		338BA70F1E53C26400119405 /* Debug */ = {
			isa = XCBuildConfiguration;
			buildSettings = {
				ASSETCATALOG_COMPILER_APPICON_NAME = AppIcon;
				DEVELOPMENT_TEAM = 42UB6JE5FK;
				INFOPLIST_FILE = CardAPI/Info.plist;
				LD_RUNPATH_SEARCH_PATHS = "$(inherited) @executable_path/Frameworks";
				PRODUCT_BUNDLE_IDENTIFIER = and.erisco.CardAPI;
				PRODUCT_NAME = "$(TARGET_NAME)";
				SWIFT_VERSION = 3.0;
			};
			name = Debug;
		};
		338BA7101E53C26400119405 /* Release */ = {
			isa = XCBuildConfiguration;
			buildSettings = {
				ASSETCATALOG_COMPILER_APPICON_NAME = AppIcon;
				DEVELOPMENT_TEAM = 42UB6JE5FK;
				INFOPLIST_FILE = CardAPI/Info.plist;
				LD_RUNPATH_SEARCH_PATHS = "$(inherited) @executable_path/Frameworks";
				PRODUCT_BUNDLE_IDENTIFIER = and.erisco.CardAPI;
				PRODUCT_NAME = "$(TARGET_NAME)";
				SWIFT_VERSION = 3.0;
			};
			name = Release;
		};
/* End XCBuildConfiguration section */

/* Begin XCConfigurationList section */
		338BA6F71E53C26400119405 /* Build configuration list for PBXProject "CardAPI" */ = {
			isa = XCConfigurationList;
			buildConfigurations = (
				338BA70C1E53C26400119405 /* Debug */,
				338BA70D1E53C26400119405 /* Release */,
			);
			defaultConfigurationIsVisible = 0;
			defaultConfigurationName = Release;
		};
		338BA70E1E53C26400119405 /* Build configuration list for PBXNativeTarget "CardAPI" */ = {
			isa = XCConfigurationList;
			buildConfigurations = (
				338BA70F1E53C26400119405 /* Debug */,
				338BA7101E53C26400119405 /* Release */,
			);
			defaultConfigurationIsVisible = 0;
			defaultConfigurationName = Release;
		};
/* End XCConfigurationList section */
	};
	rootObject = 338BA6F41E53C26400119405 /* Project object */;
}
